Microsoft Visual Studio Solution File, Format Version 12.00
# Visual Studio Version 17
VisualStudioVersion = 17.5.2.0
MinimumVisualStudioVersion = 10.0.40219.1
Project("{2150E333-8FDC-42A3-9474-1A3956D46DE8}") = "NetWebApi", "NetWebApi", "{243FF406-D826-3EF6-DF29-12A18ED6747B}"
EndProject
Project("{FAE04EC0-301F-11D3-BF4B-00C04F79EFBC}") = "TestApi", "NetWebApi\TestApi.csproj", "{C3D4A714-34FB-F17D-119D-5F93CAE4C015}"
EndProject
Global
	GlobalSection(SolutionConfigurationPlatforms) = preSolution
		Debug|Any CPU = Debug|Any CPU
		Release|Any CPU = Release|Any CPU
	EndGlobalSection
	GlobalSection(ProjectConfigurationPlatforms) = postSolution
		{C3D4A714-34FB-F17D-119D-5F93CAE4C015}.Debug|Any CPU.ActiveCfg = Debug|Any CPU
		{C3D4A714-34FB-F17D-119D-5F93CAE4C015}.Debug|Any CPU.Build.0 = Debug|Any CPU
		{C3D4A714-34FB-F17D-119D-5F93CAE4C015}.Release|Any CPU.ActiveCfg = Release|Any CPU
		{C3D4A714-34FB-F17D-119D-5F93CAE4C015}.Release|Any CPU.Build.0 = Release|Any CPU
	EndGlobalSection
	GlobalSection(SolutionProperties) = preSolution
		HideSolutionNode = FALSE
	EndGlobalSection
	GlobalSection(NestedProjects) = preSolution
		{243FF406-D826-3EF6-DF29-12A18ED6747B} = {EDEF3F09-8DE2-F854-96D0-53E7B3D75165}
		{C3D4A714-34FB-F17D-119D-5F93CAE4C015} = {243FF406-D826-3EF6-DF29-12A18ED6747B}
	EndGlobalSection
	GlobalSection(ExtensibilityGlobals) = postSolution
		SolutionGuid = {9ABC3C9B-CBA5-4E9D-BDB8-C1E7D2334F00}
	EndGlobalSection
EndGlobal
